{
  "name": "Social-Network-Api",
  "version": "1.0.0",
  "lockfileVersion": 3,
  "requires": true,
  "description": " API  using a NoSQL database, designed to  manage data and user interactions.",
  "license": "MIT",
  "main": "index.js",
  "packages": {},
  "devDependencies": {
    "nodemon": "^2.0.9"
  },
  "scripts": {
    "dev": "nodemon index",
    "seed": "node utils/seed",
    "start": "node index"
  }
}
